// !$*UTF8*$!
{
	archiveVersion = 1;
	classes = {
	};
	objectVersion = 46;
	objects = {

/* Begin PBXBuildFile section */
		6B86C3501EE1B6180056084F /* AppDelegate.swift in Sources */ = {isa = PBXBuildFile; fileRef = 6B86C34F1EE1B6180056084F /* AppDelegate.swift */; };
		6B86C3551EE1B6180056084F /* Main.storyboard in Resources */ = {isa = PBXBuildFile; fileRef = 6B86C3531EE1B6180056084F /* Main.storyboard */; };
		6B86C3571EE1B6180056084F /* Assets.xcassets in Resources */ = {isa = PBXBuildFile; fileRef = 6B86C3561EE1B6180056084F /* Assets.xcassets */; };
		6B86C35A1EE1B6180056084F /* LaunchScreen.storyboard in Resources */ = {isa = PBXBuildFile; fileRef = 6B86C3581EE1B6180056084F /* LaunchScreen.storyboard */; };
		6B86C3661EE1B6A30056084F /* ShoppingList.xcdatamodeld in Sources */ = {isa = PBXBuildFile; fileRef = 6B86C3641EE1B6A30056084F /* ShoppingList.xcdatamodeld */; };
		6B86C3681EE1B6F00056084F /* CoreDataStack.swift in Sources */ = {isa = PBXBuildFile; fileRef = 6B86C3671EE1B6F00056084F /* CoreDataStack.swift */; };
/* End PBXBuildFile section */

/* Begin PBXFileReference section */
		6B86C34C1EE1B6180056084F /* ShoppingList.app */ = {isa = PBXFileReference; explicitFileType = wrapper.application; includeInIndex = 0; path = ShoppingList.app; sourceTree = BUILT_PRODUCTS_DIR; };
		6B86C34F1EE1B6180056084F /* AppDelegate.swift */ = {isa = PBXFileReference; lastKnownFileType = sourcecode.swift; path = AppDelegate.swift; sourceTree = "<group>"; };
		6B86C3541EE1B6180056084F /* Base */ = {isa = PBXFileReference; lastKnownFileType = file.storyboard; name = Base; path = Base.lproj/Main.storyboard; sourceTree = "<group>"; };
		6B86C3561EE1B6180056084F /* Assets.xcassets */ = {isa = PBXFileReference; lastKnownFileType = folder.assetcatalog; path = Assets.xcassets; sourceTree = "<group>"; };
		6B86C3591EE1B6180056084F /* Base */ = {isa = PBXFileReference; lastKnownFileType = file.storyboard; name = Base; path = Base.lproj/LaunchScreen.storyboard; sourceTree = "<group>"; };
		6B86C35B1EE1B6180056084F /* Info.plist */ = {isa = PBXFileReference; lastKnownFileType = text.plist.xml; path = Info.plist; sourceTree = "<group>"; };
		6B86C3651EE1B6A30056084F /* ShoppingList.xcdatamodel */ = {isa = PBXFileReference; lastKnownFileType = wrapper.xcdatamodel; path = ShoppingList.xcdatamodel; sourceTree = "<group>"; };
		6B86C3671EE1B6F00056084F /* CoreDataStack.swift */ = {isa = PBXFileReference; fileEncoding = 4; lastKnownFileType = sourcecode.swift; path = CoreDataStack.swift; sourceTree = "<group>"; };
/* End PBXFileReference section */

/* Begin PBXFrameworksBuildPhase section */
		6B86C3491EE1B6180056084F /* Frameworks */ = {
			isa = PBXFrameworksBuildPhase;
			buildActionMask = 2147483647;
			files = (
			);
			runOnlyForDeploymentPostprocessing = 0;
		};
/* End PBXFrameworksBuildPhase section */

/* Begin PBXGroup section */
		6B86C3431EE1B6180056084F = {
			isa = PBXGroup;
			children = (
				6B86C34E1EE1B6180056084F /* ShoppingList */,
				6B86C34D1EE1B6180056084F /* Products */,
			);
			sourceTree = "<group>";
		};
		6B86C34D1EE1B6180056084F /* Products */ = {
			isa = PBXGroup;
			children = (
				6B86C34C1EE1B6180056084F /* ShoppingList.app */,
			);
			name = Products;
			sourceTree = "<group>";
		};
		6B86C34E1EE1B6180056084F /* ShoppingList */ = {
			isa = PBXGroup;
			children = (
				6B86C34F1EE1B6180056084F /* AppDelegate.swift */,
				6B86C3631EE1B68A0056084F /* CoreData */,
				6B86C3621EE1B6400056084F /* ViewControllers */,
				6B86C3611EE1B6370056084F /* Resources */,
			);
			path = ShoppingList;
			sourceTree = "<group>";
		};
		6B86C3611EE1B6370056084F /* Resources */ = {
			isa = PBXGroup;
			children = (
				6B86C3561EE1B6180056084F /* Assets.xcassets */,
				6B86C3581EE1B6180056084F /* LaunchScreen.storyboard */,
				6B86C35B1EE1B6180056084F /* Info.plist */,
			);
			name = Resources;
			sourceTree = "<group>";
		};
		6B86C3621EE1B6400056084F /* ViewControllers */ = {
			isa = PBXGroup;
			children = (
				6B86C3531EE1B6180056084F /* Main.storyboard */,
			);
			name = ViewControllers;
			sourceTree = "<group>";
		};
		6B86C3631EE1B68A0056084F /* CoreData */ = {
			isa = PBXGroup;
			children = (
				6B86C3641EE1B6A30056084F /* ShoppingList.xcdatamodeld */,
				6B86C3671EE1B6F00056084F /* CoreDataStack.swift */,
			);
			name = CoreData;
			sourceTree = "<group>";
		};
/* End PBXGroup section */

/* Begin PBXNativeTarget section */
		6B86C34B1EE1B6180056084F /* ShoppingList */ = {
			isa = PBXNativeTarget;
			buildConfigurationList = 6B86C35E1EE1B6180056084F /* Build configuration list for PBXNativeTarget "ShoppingList" */;
			buildPhases = (
				6B86C3481EE1B6180056084F /* Sources */,
				6B86C3491EE1B6180056084F /* Frameworks */,
				6B86C34A1EE1B6180056084F /* Resources */,
			);
			buildRules = (
			);
			dependencies = (
			);
			name = ShoppingList;
			productName = ShoppingList;
			productReference = 6B86C34C1EE1B6180056084F /* ShoppingList.app */;
			productType = "com.apple.product-type.application";
		};
/* End PBXNativeTarget section */

/* Begin PBXProject section */
		6B86C3441EE1B6180056084F /* Project object */ = {
			isa = PBXProject;
			attributes = {
				LastSwiftUpdateCheck = 0830;
				LastUpgradeCheck = 0830;
				ORGANIZATIONNAME = "Bradley Gilmore";
				TargetAttributes = {
					6B86C34B1EE1B6180056084F = {
						CreatedOnToolsVersion = 8.3.2;
						DevelopmentTeam = N8EMAYLL43;
						ProvisioningStyle = Automatic;
					};
				};
			};
			buildConfigurationList = 6B86C3471EE1B6180056084F /* Build configuration list for PBXProject "ShoppingList" */;
			compatibilityVersion = "Xcode 3.2";
			developmentRegion = English;
			hasScannedForEncodings = 0;
			knownRegions = (
				en,
				Base,
			);
			mainGroup = 6B86C3431EE1B6180056084F;
			productRefGroup = 6B86C34D1EE1B6180056084F /* Products */;
			projectDirPath = "";
			projectRoot = "";
			targets = (
				6B86C34B1EE1B6180056084F /* ShoppingList */,
			);
		};
/* End PBXProject section */

/* Begin PBXResourcesBuildPhase section */
		6B86C34A1EE1B6180056084F /* Resources */ = {
			isa = PBXResourcesBuildPhase;
			buildActionMask = 2147483647;
			files = (
				6B86C35A1EE1B6180056084F /* LaunchScreen.storyboard in Resources */,
				6B86C3571EE1B6180056084F /* Assets.xcassets in Resources */,
				6B86C3551EE1B6180056084F /* Main.storyboard in Resources */,
			);
			runOnlyForDeploymentPostprocessing = 0;
		};
/* End PBXResourcesBuildPhase section */

/* Begin PBXSourcesBuildPhase section */
		6B86C3481EE1B6180056084F /* Sources */ = {
			isa = PBXSourcesBuildPhase;
			buildActionMask = 2147483647;
			files = (
				6B86C3681EE1B6F00056084F /* CoreDataStack.swift in Sources */,
				6B86C3501EE1B6180056084F /* AppDelegate.swift in Sources */,
				6B86C3661EE1B6A30056084F /* ShoppingList.xcdatamodeld in Sources */,
			);
			runOnlyForDeploymentPostprocessing = 0;
		};
/* End PBXSourcesBuildPhase section */

/* Begin PBXVariantGroup section */
		6B86C3531EE1B6180056084F /* Main.storyboard */ = {
			isa = PBXVariantGroup;
			children = (
				6B86C3541EE1B6180056084F /* Base */,
			);
			name = Main.storyboard;
			sourceTree = "<group>";
		};
		6B86C3581EE1B6180056084F /* LaunchScreen.storyboard */ = {
			isa = PBXVariantGroup;
			children = (
				6B86C3591EE1B6180056084F /* Base */,
			);
			name = LaunchScreen.storyboard;
			sourceTree = "<group>";
		};
/* End PBXVariantGroup section */

/* Begin XCBuildConfiguration section */
		6B86C35C1EE1B6180056084F /* Debug */ = {
			isa = XCBuildConfiguration;
			buildSettings = {
				ALWAYS_SEARCH_USER_PATHS = NO;
				CLANG_ANALYZER_NONNULL = YES;
				CLANG_ANALYZER_NUMBER_OBJECT_CONVERSION = YES_AGGRESSIVE;
				CLANG_CXX_LANGUAGE_STANDARD = "gnu++0x";
				CLANG_CXX_LIBRARY = "libc++";
				CLANG_ENABLE_MODULES = YES;
				CLANG_ENABLE_OBJC_ARC = YES;
				CLANG_WARN_BOOL_CONVERSION = YES;
				CLANG_WARN_CONSTANT_CONVERSION = YES;
				CLANG_WARN_DIRECT_OBJC_ISA_USAGE = YES_ERROR;
				CLANG_WARN_DOCUMENTATION_COMMENTS = YES;
				CLANG_WARN_EMPTY_BODY = YES;
				CLANG_WARN_ENUM_CONVERSION = YES;
				CLANG_WARN_INFINITE_RECURSION = YES;
				CLANG_WARN_INT_CONVERSION = YES;
				CLANG_WARN_OBJC_ROOT_CLASS = YES_ERROR;
				CLANG_WARN_SUSPICIOUS_MOVE = YES;
				CLANG_WARN_UNREACHABLE_CODE = YES;
				CLANG_WARN__DUPLICATE_METHOD_MATCH = YES;
				"CODE_SIGN_IDENTITY[sdk=iphoneos*]" = "iPhone Developer";
				COPY_PHASE_STRIP = NO;
				DEBUG_INFORMATION_FORMAT = dwarf;
				ENABLE_STRICT_OBJC_MSGSEND = YES;
				ENABLE_TESTABILITY = YES;
				GCC_C_LANGUAGE_STANDARD = gnu99;
				GCC_DYNAMIC_NO_PIC = NO;
				GCC_NO_COMMON_BLOCKS = YES;
				GCC_OPTIMIZATION_LEVEL = 0;
				GCC_PREPROCESSOR_DEFINITIONS = (
					"DEBUG=1",
					"$(inherited)",
				);
				GCC_WARN_64_TO_32_BIT_CONVERSION = YES;
				GCC_WARN_ABOUT_RETURN_TYPE = YES_ERROR;
				GCC_WARN_UNDECLARED_SELECTOR = YES;
				GCC_WARN_UNINITIALIZED_AUTOS = YES_AGGRESSIVE;
				GCC_WARN_UNUSED_FUNCTION = YES;
				GCC_WARN_UNUSED_VARIABLE = YES;
				IPHONEOS_DEPLOYMENT_TARGET = 10.3;
				MTL_ENABLE_DEBUG_INFO = YES;
				ONLY_ACTIVE_ARCH = YES;
				SDKROOT = iphoneos;
				SWIFT_ACTIVE_COMPILATION_CONDITIONS = DEBUG;
				SWIFT_OPTIMIZATION_LEVEL = "-Onone";
			};
			name = Debug;
		};
		6B86C35D1EE1B6180056084F /* Release */ = {
			isa = XCBuildConfiguration;
			buildSettings = {
				ALWAYS_SEARCH_USER_PATHS = NO;
				CLANG_ANALYZER_NONNULL = YES;
				CLANG_ANALYZER_NUMBER_OBJECT_CONVERSION = YES_AGGRESSIVE;
				CLANG_CXX_LANGUAGE_STANDARD = "gnu++0x";
				CLANG_CXX_LIBRARY = "libc++";
				CLANG_ENABLE_MODULES = YES;
				CLANG_ENABLE_OBJC_ARC = YES;
				CLANG_WARN_BOOL_CONVERSION = YES;
				CLANG_WARN_CONSTANT_CONVERSION = YES;
				CLANG_WARN_DIRECT_OBJC_ISA_USAGE = YES_ERROR;
				CLANG_WARN_DOCUMENTATION_COMMENTS = YES;
				CLANG_WARN_EMPTY_BODY = YES;
				CLANG_WARN_ENUM_CONVERSION = YES;
				CLANG_WARN_INFINITE_RECURSION = YES;
				CLANG_WARN_INT_CONVERSION = YES;
				CLANG_WARN_OBJC_ROOT_CLASS = YES_ERROR;
				CLANG_WARN_SUSPICIOUS_MOVE = YES;
				CLANG_WARN_UNREACHABLE_CODE = YES;
				CLANG_WARN__DUPLICATE_METHOD_MATCH = YES;
				"CODE_SIGN_IDENTITY[sdk=iphoneos*]" = "iPhone Developer";
				COPY_PHASE_STRIP = NO;
				DEBUG_INFORMATION_FORMAT = "dwarf-with-dsym";
				ENABLE_NS_ASSERTIONS = NO;
				ENABLE_STRICT_OBJC_MSGSEND = YES;
				GCC_C_LANGUAGE_STANDARD = gnu99;
				GCC_NO_COMMON_BLOCKS = YES;
				GCC_WARN_64_TO_32_BIT_CONVERSION = YES;
				GCC_WARN_ABOUT_RETURN_TYPE = YES_ERROR;
				GCC_WARN_UNDECLARED_SELECTOR = YES;
				GCC_WARN_UNINITIALIZED_AUTOS = YES_AGGRESSIVE;
				GCC_WARN_UNUSED_FUNCTION = YES;
				GCC_WARN_UNUSED_VARIABLE = YES;
				IPHONEOS_DEPLOYMENT_TARGET = 10.3;
				MTL_ENABLE_DEBUG_INFO = NO;
				SDKROOT = iphoneos;
				SWIFT_OPTIMIZATION_LEVEL = "-Owholemodule";
				VALIDATE_PRODUCT = YES;
			};
			name = Release;
		};
		6B86C35F1EE1B6180056084F /* Debug */ = {
			isa = XCBuildConfiguration;
			buildSettings = {
				ASSETCATALOG_COMPILER_APPICON_NAME = AppIcon;
				DEVELOPMENT_TEAM = N8EMAYLL43;
				INFOPLIST_FILE = ShoppingList/Info.plist;
				LD_RUNPATH_SEARCH_PATHS = "$(inherited) @executable_path/Frameworks";
				PRODUCT_BUNDLE_IDENTIFIER = com.bradleygilmore.ShoppingList;
				PRODUCT_NAME = "$(TARGET_NAME)";
				SWIFT_VERSION = 3.0;
			};
			name = Debug;
		};
		6B86C3601EE1B6180056084F /* Release */ = {
			isa = XCBuildConfiguration;
			buildSettings = {
				ASSETCATALOG_COMPILER_APPICON_NAME = AppIcon;
				DEVELOPMENT_TEAM = N8EMAYLL43;
				INFOPLIST_FILE = ShoppingList/Info.plist;
				LD_RUNPATH_SEARCH_PATHS = "$(inherited) @executable_path/Frameworks";
				PRODUCT_BUNDLE_IDENTIFIER = com.bradleygilmore.ShoppingList;
				PRODUCT_NAME = "$(TARGET_NAME)";
				SWIFT_VERSION = 3.0;
			};
			name = Release;
		};
/* End XCBuildConfiguration section */

/* Begin XCConfigurationList section */
		6B86C3471EE1B6180056084F /* Build configuration list for PBXProject "ShoppingList" */ = {
			isa = XCConfigurationList;
			buildConfigurations = (
				6B86C35C1EE1B6180056084F /* Debug */,
				6B86C35D1EE1B6180056084F /* Release */,
			);
			defaultConfigurationIsVisible = 0;
			defaultConfigurationName = Release;
		};
		6B86C35E1EE1B6180056084F /* Build configuration list for PBXNativeTarget "ShoppingList" */ = {
			isa = XCConfigurationList;
			buildConfigurations = (
				6B86C35F1EE1B6180056084F /* Debug */,
				6B86C3601EE1B6180056084F /* Release */,
			);
			defaultConfigurationIsVisible = 0;
		};
/* End XCConfigurationList section */

/* Begin XCVersionGroup section */
		6B86C3641EE1B6A30056084F /* ShoppingList.xcdatamodeld */ = {
			isa = XCVersionGroup;
			children = (
				6B86C3651EE1B6A30056084F /* ShoppingList.xcdatamodel */,
			);
			currentVersion = 6B86C3651EE1B6A30056084F /* ShoppingList.xcdatamodel */;
			path = ShoppingList.xcdatamodeld;
			sourceTree = "<group>";
			versionGroupType = wrapper.xcdatamodel;
		};
/* End XCVersionGroup section */
	};
	rootObject = 6B86C3441EE1B6180056084F /* Project object */;
}
